// !$*UTF8*$!
{
	archiveVersion = 1;
	classes = {
	};
	objectVersion = 50;
	objects = {

/* Begin PBXBuildFile section */
		306DE82120CEB3530093DE19 /* AppDelegate.swift in Sources */ = {isa = PBXBuildFile; fileRef = 306DE82020CEB3530093DE19 /* AppDelegate.swift */; };
		306DE82320CEB3530093DE19 /* ViewController.swift in Sources */ = {isa = PBXBuildFile; fileRef = 306DE82220CEB3530093DE19 /* ViewController.swift */; };
		306DE82620CEB3530093DE19 /* Main.storyboard in Resources */ = {isa = PBXBuildFile; fileRef = 306DE82420CEB3530093DE19 /* Main.storyboard */; };
		306DE82820CEB3550093DE19 /* Assets.xcassets in Resources */ = {isa = PBXBuildFile; fileRef = 306DE82720CEB3550093DE19 /* Assets.xcassets */; };
		306DE82B20CEB3550093DE19 /* LaunchScreen.storyboard in Resources */ = {isa = PBXBuildFile; fileRef = 306DE82920CEB3550093DE19 /* LaunchScreen.storyboard */; };
		306DE83320CEB9900093DE19 /* Utils.swift in Sources */ = {isa = PBXBuildFile; fileRef = 306DE83220CEB9900093DE19 /* Utils.swift */; };
		306DE83720CEC6220093DE19 /* AppState.swift in Sources */ = {isa = PBXBuildFile; fileRef = 306DE83620CEC6220093DE19 /* AppState.swift */; };
		306DE83920CEDC610093DE19 /* UserNameView.swift in Sources */ = {isa = PBXBuildFile; fileRef = 306DE83820CEDC610093DE19 /* UserNameView.swift */; };
		306DE83B20CFE2E70093DE19 /* SelectionView.swift in Sources */ = {isa = PBXBuildFile; fileRef = 306DE83A20CFE2E70093DE19 /* SelectionView.swift */; };
		306DE83D20CFE45A0093DE19 /* CheatSheetView.swift in Sources */ = {isa = PBXBuildFile; fileRef = 306DE83C20CFE45A0093DE19 /* CheatSheetView.swift */; };
		306DE83F20CFE4680093DE19 /* TapView.swift in Sources */ = {isa = PBXBuildFile; fileRef = 306DE83E20CFE4680093DE19 /* TapView.swift */; };
		A83B0D643D3DA022CD538E01 /* Pods_Brainooo.framework in Frameworks */ = {isa = PBXBuildFile; fileRef = 411099CAE43F036961069966 /* Pods_Brainooo.framework */; };
/* End PBXBuildFile section */

/* Begin PBXFileReference section */
		306DE81D20CEB3530093DE19 /* Brainooo.app */ = {isa = PBXFileReference; explicitFileType = wrapper.application; includeInIndex = 0; path = Brainooo.app; sourceTree = BUILT_PRODUCTS_DIR; };
		306DE82020CEB3530093DE19 /* AppDelegate.swift */ = {isa = PBXFileReference; lastKnownFileType = sourcecode.swift; path = AppDelegate.swift; sourceTree = "<group>"; };
		306DE82220CEB3530093DE19 /* ViewController.swift */ = {isa = PBXFileReference; lastKnownFileType = sourcecode.swift; path = ViewController.swift; sourceTree = "<group>"; };
		306DE82520CEB3530093DE19 /* Base */ = {isa = PBXFileReference; lastKnownFileType = file.storyboard; name = Base; path = Base.lproj/Main.storyboard; sourceTree = "<group>"; };
		306DE82720CEB3550093DE19 /* Assets.xcassets */ = {isa = PBXFileReference; lastKnownFileType = folder.assetcatalog; path = Assets.xcassets; sourceTree = "<group>"; };
		306DE82A20CEB3550093DE19 /* Base */ = {isa = PBXFileReference; lastKnownFileType = file.storyboard; name = Base; path = Base.lproj/LaunchScreen.storyboard; sourceTree = "<group>"; };
		306DE82C20CEB3550093DE19 /* Info.plist */ = {isa = PBXFileReference; lastKnownFileType = text.plist.xml; path = Info.plist; sourceTree = "<group>"; };
		306DE83220CEB9900093DE19 /* Utils.swift */ = {isa = PBXFileReference; lastKnownFileType = sourcecode.swift; path = Utils.swift; sourceTree = "<group>"; };
		306DE83620CEC6220093DE19 /* AppState.swift */ = {isa = PBXFileReference; lastKnownFileType = sourcecode.swift; path = AppState.swift; sourceTree = "<group>"; };
		306DE83820CEDC610093DE19 /* UserNameView.swift */ = {isa = PBXFileReference; lastKnownFileType = sourcecode.swift; path = UserNameView.swift; sourceTree = "<group>"; };
		306DE83A20CFE2E70093DE19 /* SelectionView.swift */ = {isa = PBXFileReference; lastKnownFileType = sourcecode.swift; path = SelectionView.swift; sourceTree = "<group>"; };
		306DE83C20CFE45A0093DE19 /* CheatSheetView.swift */ = {isa = PBXFileReference; lastKnownFileType = sourcecode.swift; path = CheatSheetView.swift; sourceTree = "<group>"; };
		306DE83E20CFE4680093DE19 /* TapView.swift */ = {isa = PBXFileReference; lastKnownFileType = sourcecode.swift; path = TapView.swift; sourceTree = "<group>"; };
		411099CAE43F036961069966 /* Pods_Brainooo.framework */ = {isa = PBXFileReference; explicitFileType = wrapper.framework; includeInIndex = 0; path = Pods_Brainooo.framework; sourceTree = BUILT_PRODUCTS_DIR; };
		AC3E13D30BABA77D882D6936 /* Pods-Brainooo.release.xcconfig */ = {isa = PBXFileReference; includeInIndex = 1; lastKnownFileType = text.xcconfig; name = "Pods-Brainooo.release.xcconfig"; path = "Pods/Target Support Files/Pods-Brainooo/Pods-Brainooo.release.xcconfig"; sourceTree = "<group>"; };
		B8AF9986FAACCA6CB680C807 /* Pods-Brainooo.debug.xcconfig */ = {isa = PBXFileReference; includeInIndex = 1; lastKnownFileType = text.xcconfig; name = "Pods-Brainooo.debug.xcconfig"; path = "Pods/Target Support Files/Pods-Brainooo/Pods-Brainooo.debug.xcconfig"; sourceTree = "<group>"; };
/* End PBXFileReference section */

/* Begin PBXFrameworksBuildPhase section */
		306DE81A20CEB3530093DE19 /* Frameworks */ = {
			isa = PBXFrameworksBuildPhase;
			buildActionMask = 2147483647;
			files = (
				A83B0D643D3DA022CD538E01 /* Pods_Brainooo.framework in Frameworks */,
			);
			runOnlyForDeploymentPostprocessing = 0;
		};
/* End PBXFrameworksBuildPhase section */

/* Begin PBXGroup section */
		049919A0143D70A672D07642 /* Pods */ = {
			isa = PBXGroup;
			children = (
				B8AF9986FAACCA6CB680C807 /* Pods-Brainooo.debug.xcconfig */,
				AC3E13D30BABA77D882D6936 /* Pods-Brainooo.release.xcconfig */,
			);
			name = Pods;
			sourceTree = "<group>";
		};
		306DE81420CEB3530093DE19 = {
			isa = PBXGroup;
			children = (
				306DE81F20CEB3530093DE19 /* Brainooo */,
				306DE81E20CEB3530093DE19 /* Products */,
				049919A0143D70A672D07642 /* Pods */,
				8410DB6E2182738255C02A03 /* Frameworks */,
			);
			sourceTree = "<group>";
		};
		306DE81E20CEB3530093DE19 /* Products */ = {
			isa = PBXGroup;
			children = (
				306DE81D20CEB3530093DE19 /* Brainooo.app */,
			);
			name = Products;
			sourceTree = "<group>";
		};
		306DE81F20CEB3530093DE19 /* Brainooo */ = {
			isa = PBXGroup;
			children = (
				306DE82020CEB3530093DE19 /* AppDelegate.swift */,
				306DE83620CEC6220093DE19 /* AppState.swift */,
				306DE82220CEB3530093DE19 /* ViewController.swift */,
				306DE83820CEDC610093DE19 /* UserNameView.swift */,
				306DE83A20CFE2E70093DE19 /* SelectionView.swift */,
				306DE83C20CFE45A0093DE19 /* CheatSheetView.swift */,
				306DE83E20CFE4680093DE19 /* TapView.swift */,
				306DE83220CEB9900093DE19 /* Utils.swift */,
				306DE82420CEB3530093DE19 /* Main.storyboard */,
				306DE82720CEB3550093DE19 /* Assets.xcassets */,
				306DE82920CEB3550093DE19 /* LaunchScreen.storyboard */,
				306DE82C20CEB3550093DE19 /* Info.plist */,
			);
			path = Brainooo;
			sourceTree = "<group>";
		};
		8410DB6E2182738255C02A03 /* Frameworks */ = {
			isa = PBXGroup;
			children = (
				411099CAE43F036961069966 /* Pods_Brainooo.framework */,
			);
			name = Frameworks;
			sourceTree = "<group>";
		};
/* End PBXGroup section */

/* Begin PBXNativeTarget section */
		306DE81C20CEB3530093DE19 /* Brainooo */ = {
			isa = PBXNativeTarget;
			buildConfigurationList = 306DE82F20CEB3550093DE19 /* Build configuration list for PBXNativeTarget "Brainooo" */;
			buildPhases = (
				8872889247EAABFEEE36688F /* [CP] Check Pods Manifest.lock */,
				306DE81920CEB3530093DE19 /* Sources */,
				306DE81A20CEB3530093DE19 /* Frameworks */,
				306DE81B20CEB3530093DE19 /* Resources */,
				F0B02D6C3CFBCC6F179136F3 /* [CP] Embed Pods Frameworks */,
				697490EFE7EB6BAEDAC5A931 /* [CP] Copy Pods Resources */,
			);
			buildRules = (
			);
			dependencies = (
			);
			name = Brainooo;
			productName = Brainooo;
			productReference = 306DE81D20CEB3530093DE19 /* Brainooo.app */;
			productType = "com.apple.product-type.application";
		};
/* End PBXNativeTarget section */

/* Begin PBXProject section */
		306DE81520CEB3530093DE19 /* Project object */ = {
			isa = PBXProject;
			attributes = {
				LastSwiftUpdateCheck = 0940;
				LastUpgradeCheck = 0940;
				ORGANIZATIONNAME = "Samu András";
				TargetAttributes = {
					306DE81C20CEB3530093DE19 = {
						CreatedOnToolsVersion = 9.4;
					};
				};
			};
			buildConfigurationList = 306DE81820CEB3530093DE19 /* Build configuration list for PBXProject "Brainooo" */;
			compatibilityVersion = "Xcode 9.3";
			developmentRegion = en;
			hasScannedForEncodings = 0;
			knownRegions = (
				en,
				Base,
			);
			mainGroup = 306DE81420CEB3530093DE19;
			productRefGroup = 306DE81E20CEB3530093DE19 /* Products */;
			projectDirPath = "";
			projectRoot = "";
			targets = (
				306DE81C20CEB3530093DE19 /* Brainooo */,
			);
		};
/* End PBXProject section */

/* Begin PBXResourcesBuildPhase section */
		306DE81B20CEB3530093DE19 /* Resources */ = {
			isa = PBXResourcesBuildPhase;
			buildActionMask = 2147483647;
			files = (
				306DE82B20CEB3550093DE19 /* LaunchScreen.storyboard in Resources */,
				306DE82820CEB3550093DE19 /* Assets.xcassets in Resources */,
				306DE82620CEB3530093DE19 /* Main.storyboard in Resources */,
			);
			runOnlyForDeploymentPostprocessing = 0;
		};
/* End PBXResourcesBuildPhase section */

/* Begin PBXShellScriptBuildPhase section */
		697490EFE7EB6BAEDAC5A931 /* [CP] Copy Pods Resources */ = {
			isa = PBXShellScriptBuildPhase;
			buildActionMask = 2147483647;
			files = (
			);
			inputPaths = (
			);
			name = "[CP] Copy Pods Resources";
			outputPaths = (
			);
			runOnlyForDeploymentPostprocessing = 0;
			shellPath = /bin/sh;
			shellScript = "\"${SRCROOT}/Pods/Target Support Files/Pods-Brainooo/Pods-Brainooo-resources.sh\"\n";
			showEnvVarsInLog = 0;
		};
		8872889247EAABFEEE36688F /* [CP] Check Pods Manifest.lock */ = {
			isa = PBXShellScriptBuildPhase;
			buildActionMask = 2147483647;
			files = (
			);
			inputPaths = (
				"${PODS_PODFILE_DIR_PATH}/Podfile.lock",
				"${PODS_ROOT}/Manifest.lock",
			);
			name = "[CP] Check Pods Manifest.lock";
			outputPaths = (
				"$(DERIVED_FILE_DIR)/Pods-Brainooo-checkManifestLockResult.txt",
			);
			runOnlyForDeploymentPostprocessing = 0;
			shellPath = /bin/sh;
			shellScript = "diff \"${PODS_PODFILE_DIR_PATH}/Podfile.lock\" \"${PODS_ROOT}/Manifest.lock\" > /dev/null\nif [ $? != 0 ] ; then\n    # print error to STDERR\n    echo \"error: The sandbox is not in sync with the Podfile.lock. Run 'pod install' or update your CocoaPods installation.\" >&2\n    exit 1\nfi\n# This output is used by Xcode 'outputs' to avoid re-running this script phase.\necho \"SUCCESS\" > \"${SCRIPT_OUTPUT_FILE_0}\"\n";
			showEnvVarsInLog = 0;
		};
		F0B02D6C3CFBCC6F179136F3 /* [CP] Embed Pods Frameworks */ = {
			isa = PBXShellScriptBuildPhase;
			buildActionMask = 2147483647;
			files = (
			);
			inputPaths = (
				"${SRCROOT}/Pods/Target Support Files/Pods-Brainooo/Pods-Brainooo-frameworks.sh",
				"${BUILT_PRODUCTS_DIR}/PusherChatkit/PusherChatkit.framework",
				"${BUILT_PRODUCTS_DIR}/PusherPlatform/PusherPlatform.framework",
			);
			name = "[CP] Embed Pods Frameworks";
			outputPaths = (
				"${TARGET_BUILD_DIR}/${FRAMEWORKS_FOLDER_PATH}/PusherChatkit.framework",
				"${TARGET_BUILD_DIR}/${FRAMEWORKS_FOLDER_PATH}/PusherPlatform.framework",
			);
			runOnlyForDeploymentPostprocessing = 0;
			shellPath = /bin/sh;
			shellScript = "\"${SRCROOT}/Pods/Target Support Files/Pods-Brainooo/Pods-Brainooo-frameworks.sh\"\n";
			showEnvVarsInLog = 0;
		};
/* End PBXShellScriptBuildPhase section */

/* Begin PBXSourcesBuildPhase section */
		306DE81920CEB3530093DE19 /* Sources */ = {
			isa = PBXSourcesBuildPhase;
			buildActionMask = 2147483647;
			files = (
				306DE83F20CFE4680093DE19 /* TapView.swift in Sources */,
				306DE83D20CFE45A0093DE19 /* CheatSheetView.swift in Sources */,
				306DE83320CEB9900093DE19 /* Utils.swift in Sources */,
				306DE82320CEB3530093DE19 /* ViewController.swift in Sources */,
				306DE83920CEDC610093DE19 /* UserNameView.swift in Sources */,
				306DE82120CEB3530093DE19 /* AppDelegate.swift in Sources */,
				306DE83720CEC6220093DE19 /* AppState.swift in Sources */,
				306DE83B20CFE2E70093DE19 /* SelectionView.swift in Sources */,
			);
			runOnlyForDeploymentPostprocessing = 0;
		};
/* End PBXSourcesBuildPhase section */

/* Begin PBXVariantGroup section */
		306DE82420CEB3530093DE19 /* Main.storyboard */ = {
			isa = PBXVariantGroup;
			children = (
				306DE82520CEB3530093DE19 /* Base */,
			);
			name = Main.storyboard;
			sourceTree = "<group>";
		};
		306DE82920CEB3550093DE19 /* LaunchScreen.storyboard */ = {
			isa = PBXVariantGroup;
			children = (
				306DE82A20CEB3550093DE19 /* Base */,
			);
			name = LaunchScreen.storyboard;
			sourceTree = "<group>";
		};
/* End PBXVariantGroup section */

/* Begin XCBuildConfiguration section */
		306DE82D20CEB3550093DE19 /* Debug */ = {
			isa = XCBuildConfiguration;
			buildSettings = {
				ALWAYS_SEARCH_USER_PATHS = NO;
				CLANG_ANALYZER_NONNULL = YES;
				CLANG_ANALYZER_NUMBER_OBJECT_CONVERSION = YES_AGGRESSIVE;
				CLANG_CXX_LANGUAGE_STANDARD = "gnu++14";
				CLANG_CXX_LIBRARY = "libc++";
				CLANG_ENABLE_MODULES = YES;
				CLANG_ENABLE_OBJC_ARC = YES;
				CLANG_ENABLE_OBJC_WEAK = YES;
				CLANG_WARN_BLOCK_CAPTURE_AUTORELEASING = YES;
				CLANG_WARN_BOOL_CONVERSION = YES;
				CLANG_WARN_COMMA = YES;
				CLANG_WARN_CONSTANT_CONVERSION = YES;
				CLANG_WARN_DEPRECATED_OBJC_IMPLEMENTATIONS = YES;
				CLANG_WARN_DIRECT_OBJC_ISA_USAGE = YES_ERROR;
				CLANG_WARN_DOCUMENTATION_COMMENTS = YES;
				CLANG_WARN_EMPTY_BODY = YES;
				CLANG_WARN_ENUM_CONVERSION = YES;
				CLANG_WARN_INFINITE_RECURSION = YES;
				CLANG_WARN_INT_CONVERSION = YES;
				CLANG_WARN_NON_LITERAL_NULL_CONVERSION = YES;
				CLANG_WARN_OBJC_IMPLICIT_RETAIN_SELF = YES;
				CLANG_WARN_OBJC_LITERAL_CONVERSION = YES;
				CLANG_WARN_OBJC_ROOT_CLASS = YES_ERROR;
				CLANG_WARN_RANGE_LOOP_ANALYSIS = YES;
				CLANG_WARN_STRICT_PROTOTYPES = YES;
				CLANG_WARN_SUSPICIOUS_MOVE = YES;
				CLANG_WARN_UNGUARDED_AVAILABILITY = YES_AGGRESSIVE;
				CLANG_WARN_UNREACHABLE_CODE = YES;
				CLANG_WARN__DUPLICATE_METHOD_MATCH = YES;
				CODE_SIGN_IDENTITY = "iPhone Developer";
				COPY_PHASE_STRIP = NO;
				DEBUG_INFORMATION_FORMAT = dwarf;
				ENABLE_STRICT_OBJC_MSGSEND = YES;
				ENABLE_TESTABILITY = YES;
				GCC_C_LANGUAGE_STANDARD = gnu11;
				GCC_DYNAMIC_NO_PIC = NO;
				GCC_NO_COMMON_BLOCKS = YES;
				GCC_OPTIMIZATION_LEVEL = 0;
				GCC_PREPROCESSOR_DEFINITIONS = (
					"DEBUG=1",
					"$(inherited)",
				);
				GCC_WARN_64_TO_32_BIT_CONVERSION = YES;
				GCC_WARN_ABOUT_RETURN_TYPE = YES_ERROR;
				GCC_WARN_UNDECLARED_SELECTOR = YES;
				GCC_WARN_UNINITIALIZED_AUTOS = YES_AGGRESSIVE;
				GCC_WARN_UNUSED_FUNCTION = YES;
				GCC_WARN_UNUSED_VARIABLE = YES;
				IPHONEOS_DEPLOYMENT_TARGET = 11.4;
				MTL_ENABLE_DEBUG_INFO = YES;
				ONLY_ACTIVE_ARCH = YES;
				SDKROOT = iphoneos;
				SWIFT_ACTIVE_COMPILATION_CONDITIONS = DEBUG;
				SWIFT_OPTIMIZATION_LEVEL = "-Onone";
			};
			name = Debug;
		};
		306DE82E20CEB3550093DE19 /* Release */ = {
			isa = XCBuildConfiguration;
			buildSettings = {
				ALWAYS_SEARCH_USER_PATHS = NO;
				CLANG_ANALYZER_NONNULL = YES;
				CLANG_ANALYZER_NUMBER_OBJECT_CONVERSION = YES_AGGRESSIVE;
				CLANG_CXX_LANGUAGE_STANDARD = "gnu++14";
				CLANG_CXX_LIBRARY = "libc++";
				CLANG_ENABLE_MODULES = YES;
				CLANG_ENABLE_OBJC_ARC = YES;
				CLANG_ENABLE_OBJC_WEAK = YES;
				CLANG_WARN_BLOCK_CAPTURE_AUTORELEASING = YES;
				CLANG_WARN_BOOL_CONVERSION = YES;
				CLANG_WARN_COMMA = YES;
				CLANG_WARN_CONSTANT_CONVERSION = YES;
				CLANG_WARN_DEPRECATED_OBJC_IMPLEMENTATIONS = YES;
				CLANG_WARN_DIRECT_OBJC_ISA_USAGE = YES_ERROR;
				CLANG_WARN_DOCUMENTATION_COMMENTS = YES;
				CLANG_WARN_EMPTY_BODY = YES;
				CLANG_WARN_ENUM_CONVERSION = YES;
				CLANG_WARN_INFINITE_RECURSION = YES;
				CLANG_WARN_INT_CONVERSION = YES;
				CLANG_WARN_NON_LITERAL_NULL_CONVERSION = YES;
				CLANG_WARN_OBJC_IMPLICIT_RETAIN_SELF = YES;
				CLANG_WARN_OBJC_LITERAL_CONVERSION = YES;
				CLANG_WARN_OBJC_ROOT_CLASS = YES_ERROR;
				CLANG_WARN_RANGE_LOOP_ANALYSIS = YES;
				CLANG_WARN_STRICT_PROTOTYPES = YES;
				CLANG_WARN_SUSPICIOUS_MOVE = YES;
				CLANG_WARN_UNGUARDED_AVAILABILITY = YES_AGGRESSIVE;
				CLANG_WARN_UNREACHABLE_CODE = YES;
				CLANG_WARN__DUPLICATE_METHOD_MATCH = YES;
				CODE_SIGN_IDENTITY = "iPhone Developer";
				COPY_PHASE_STRIP = NO;
				DEBUG_INFORMATION_FORMAT = "dwarf-with-dsym";
				ENABLE_NS_ASSERTIONS = NO;
				ENABLE_STRICT_OBJC_MSGSEND = YES;
				GCC_C_LANGUAGE_STANDARD = gnu11;
				GCC_NO_COMMON_BLOCKS = YES;
				GCC_WARN_64_TO_32_BIT_CONVERSION = YES;
				GCC_WARN_ABOUT_RETURN_TYPE = YES_ERROR;
				GCC_WARN_UNDECLARED_SELECTOR = YES;
				GCC_WARN_UNINITIALIZED_AUTOS = YES_AGGRESSIVE;
				GCC_WARN_UNUSED_FUNCTION = YES;
				GCC_WARN_UNUSED_VARIABLE = YES;
				IPHONEOS_DEPLOYMENT_TARGET = 11.4;
				MTL_ENABLE_DEBUG_INFO = NO;
				SDKROOT = iphoneos;
				SWIFT_COMPILATION_MODE = wholemodule;
				SWIFT_OPTIMIZATION_LEVEL = "-O";
				VALIDATE_PRODUCT = YES;
			};
			name = Release;
		};
		306DE83020CEB3550093DE19 /* Debug */ = {
			isa = XCBuildConfiguration;
			baseConfigurationReference = B8AF9986FAACCA6CB680C807 /* Pods-Brainooo.debug.xcconfig */;
			buildSettings = {
				ASSETCATALOG_COMPILER_APPICON_NAME = AppIcon;
				CODE_SIGN_STYLE = Automatic;
				DEVELOPMENT_TEAM = 8J6DLW4UE6;
				INFOPLIST_FILE = Brainooo/Info.plist;
				IPHONEOS_DEPLOYMENT_TARGET = 11.0;
				LD_RUNPATH_SEARCH_PATHS = (
					"$(inherited)",
					"@executable_path/Frameworks",
				);
				PRODUCT_BUNDLE_IDENTIFIER = com.samuandris.Brainooo;
				PRODUCT_NAME = "$(TARGET_NAME)";
				SWIFT_VERSION = 4.0;
				TARGETED_DEVICE_FAMILY = "1,2";
			};
			name = Debug;
		};
		306DE83120CEB3550093DE19 /* Release */ = {
			isa = XCBuildConfiguration;
			baseConfigurationReference = AC3E13D30BABA77D882D6936 /* Pods-Brainooo.release.xcconfig */;
			buildSettings = {
				ASSETCATALOG_COMPILER_APPICON_NAME = AppIcon;
				CODE_SIGN_STYLE = Automatic;
				DEVELOPMENT_TEAM = 8J6DLW4UE6;
				INFOPLIST_FILE = Brainooo/Info.plist;
				IPHONEOS_DEPLOYMENT_TARGET = 11.0;
				LD_RUNPATH_SEARCH_PATHS = (
					"$(inherited)",
					"@executable_path/Frameworks",
				);
				PRODUCT_BUNDLE_IDENTIFIER = com.samuandris.Brainooo;
				PRODUCT_NAME = "$(TARGET_NAME)";
				SWIFT_VERSION = 4.0;
				TARGETED_DEVICE_FAMILY = "1,2";
			};
			name = Release;
		};
/* End XCBuildConfiguration section */

/* Begin XCConfigurationList section */
		306DE81820CEB3530093DE19 /* Build configuration list for PBXProject "Brainooo" */ = {
			isa = XCConfigurationList;
			buildConfigurations = (
				306DE82D20CEB3550093DE19 /* Debug */,
				306DE82E20CEB3550093DE19 /* Release */,
			);
			defaultConfigurationIsVisible = 0;
			defaultConfigurationName = Release;
		};
		306DE82F20CEB3550093DE19 /* Build configuration list for PBXNativeTarget "Brainooo" */ = {
			isa = XCConfigurationList;
			buildConfigurations = (
				306DE83020CEB3550093DE19 /* Debug */,
				306DE83120CEB3550093DE19 /* Release */,
			);
			defaultConfigurationIsVisible = 0;
			defaultConfigurationName = Release;
		};
/* End XCConfigurationList section */
	};
	rootObject = 306DE81520CEB3530093DE19 /* Project object */;
}
